
Microsoft Visual Studio Solution File, Format Version 12.00
# Visual Studio Version 16
VisualStudioVersion = 16.0.30503.244
MinimumVisualStudioVersion = 10.0.40219.1
Project("{FAE04EC0-301F-11D3-BF4B-00C04F79EFBC}") = "SpaceRace", "SpaceRace\SpaceRace.csproj", "{5FB8CAE3-1930-4215-AEB5-C94C6606091C}"
EndProject
Global
	GlobalSection(SolutionConfigurationPlatforms) = preSolution
		Debug|Any CPU = Debug|Any CPU
		Release|Any CPU = Release|Any CPU
	EndGlobalSection
	GlobalSection(ProjectConfigurationPlatforms) = postSolution
		{5FB8CAE3-1930-4215-AEB5-C94C6606091C}.Debug|Any CPU.ActiveCfg = Debug|Any CPU
		{5FB8CAE3-1930-4215-AEB5-C94C6606091C}.Debug|Any CPU.Build.0 = Debug|Any CPU
		{5FB8CAE3-1930-4215-AEB5-C94C6606091C}.Release|Any CPU.ActiveCfg = Release|Any CPU
		{5FB8CAE3-1930-4215-AEB5-C94C6606091C}.Release|Any CPU.Build.0 = Release|Any CPU
	EndGlobalSection
	GlobalSection(SolutionProperties) = preSolution
		HideSolutionNode = FALSE
	EndGlobalSection
	GlobalSection(ExtensibilityGlobals) = postSolution
		SolutionGuid = {79DC8A80-5E1E-49AB-9057-AB669161A636}
	EndGlobalSection
EndGlobal
